
Microsoft Visual Studio Solution File, Format Version 12.00
# Visual Studio Version 17
VisualStudioVersion = 17.10.35013.160
MinimumVisualStudioVersion = 10.0.40219.1
Project("{9A19103F-16F7-4668-BE54-9A1E7A4F7556}") = "Events.Presentation", "Events.Presentation.csproj", "{4E4E55B3-5E63-48FF-B9C2-A76F0367437F}"
EndProject
Project("{9A19103F-16F7-4668-BE54-9A1E7A4F7556}") = "TestEventApplication", "..\TestEventApplication\TestEventApplication.csproj", "{329014F6-1B8E-4126-93EA-810567F99651}"
EndProject
Project("{9A19103F-16F7-4668-BE54-9A1E7A4F7556}") = "Events.Domain", "..\Domain\Events.Domain.csproj", "{E58D30BF-3B4D-463F-AF35-D25C86369008}"
EndProject
Project("{9A19103F-16F7-4668-BE54-9A1E7A4F7556}") = "Events.Application", "..\Application\Events.Application.csproj", "{BC3B075B-9A52-4E92-9BF1-D98AC0E478D6}"
EndProject
Project("{9A19103F-16F7-4668-BE54-9A1E7A4F7556}") = "Events.Infastructure", "..\Infastructure\Events.Infastructure.csproj", "{E1B73BBB-0116-45B6-A9BD-2AE27905538F}"
EndProject
Global
	GlobalSection(SolutionConfigurationPlatforms) = preSolution
		Debug|Any CPU = Debug|Any CPU
		Release|Any CPU = Release|Any CPU
	EndGlobalSection
	GlobalSection(ProjectConfigurationPlatforms) = postSolution
		{4E4E55B3-5E63-48FF-B9C2-A76F0367437F}.Debug|Any CPU.ActiveCfg = Debug|Any CPU
		{4E4E55B3-5E63-48FF-B9C2-A76F0367437F}.Debug|Any CPU.Build.0 = Debug|Any CPU
		{4E4E55B3-5E63-48FF-B9C2-A76F0367437F}.Release|Any CPU.ActiveCfg = Release|Any CPU
		{4E4E55B3-5E63-48FF-B9C2-A76F0367437F}.Release|Any CPU.Build.0 = Release|Any CPU
		{329014F6-1B8E-4126-93EA-810567F99651}.Debug|Any CPU.ActiveCfg = Debug|Any CPU
		{329014F6-1B8E-4126-93EA-810567F99651}.Debug|Any CPU.Build.0 = Debug|Any CPU
		{329014F6-1B8E-4126-93EA-810567F99651}.Release|Any CPU.ActiveCfg = Release|Any CPU
		{329014F6-1B8E-4126-93EA-810567F99651}.Release|Any CPU.Build.0 = Release|Any CPU
		{E58D30BF-3B4D-463F-AF35-D25C86369008}.Debug|Any CPU.ActiveCfg = Debug|Any CPU
		{E58D30BF-3B4D-463F-AF35-D25C86369008}.Debug|Any CPU.Build.0 = Debug|Any CPU
		{E58D30BF-3B4D-463F-AF35-D25C86369008}.Release|Any CPU.ActiveCfg = Release|Any CPU
		{E58D30BF-3B4D-463F-AF35-D25C86369008}.Release|Any CPU.Build.0 = Release|Any CPU
		{BC3B075B-9A52-4E92-9BF1-D98AC0E478D6}.Debug|Any CPU.ActiveCfg = Debug|Any CPU
		{BC3B075B-9A52-4E92-9BF1-D98AC0E478D6}.Debug|Any CPU.Build.0 = Debug|Any CPU
		{BC3B075B-9A52-4E92-9BF1-D98AC0E478D6}.Release|Any CPU.ActiveCfg = Release|Any CPU
		{BC3B075B-9A52-4E92-9BF1-D98AC0E478D6}.Release|Any CPU.Build.0 = Release|Any CPU
		{E1B73BBB-0116-45B6-A9BD-2AE27905538F}.Debug|Any CPU.ActiveCfg = Debug|Any CPU
		{E1B73BBB-0116-45B6-A9BD-2AE27905538F}.Debug|Any CPU.Build.0 = Debug|Any CPU
		{E1B73BBB-0116-45B6-A9BD-2AE27905538F}.Release|Any CPU.ActiveCfg = Release|Any CPU
		{E1B73BBB-0116-45B6-A9BD-2AE27905538F}.Release|Any CPU.Build.0 = Release|Any CPU
	EndGlobalSection
	GlobalSection(SolutionProperties) = preSolution
		HideSolutionNode = FALSE
	EndGlobalSection
	GlobalSection(ExtensibilityGlobals) = postSolution
		SolutionGuid = {4FD9F53C-541F-4813-AB9F-6E9873DAB2F5}
	EndGlobalSection
EndGlobal
